
Microsoft Visual Studio Solution File, Format Version 12.00
# Visual Studio 15
VisualStudioVersion = 15.0.27004.2008
MinimumVisualStudioVersion = 10.0.40219.1
Project("{FAE04EC0-301F-11D3-BF4B-00C04F79EFBC}") = "CRUD", "CRUD\CRUD.csproj", "{DF6E1943-4F71-4F67-B731-E3841F08DAD2}"
EndProject
Global
	GlobalSection(SolutionConfigurationPlatforms) = preSolution
		Debug|Any CPU = Debug|Any CPU
		Release|Any CPU = Release|Any CPU
	EndGlobalSection
	GlobalSection(ProjectConfigurationPlatforms) = postSolution
		{DF6E1943-4F71-4F67-B731-E3841F08DAD2}.Debug|Any CPU.ActiveCfg = Debug|Any CPU
		{DF6E1943-4F71-4F67-B731-E3841F08DAD2}.Debug|Any CPU.Build.0 = Debug|Any CPU
		{DF6E1943-4F71-4F67-B731-E3841F08DAD2}.Release|Any CPU.ActiveCfg = Release|Any CPU
		{DF6E1943-4F71-4F67-B731-E3841F08DAD2}.Release|Any CPU.Build.0 = Release|Any CPU
	EndGlobalSection
	GlobalSection(SolutionProperties) = preSolution
		HideSolutionNode = FALSE
	EndGlobalSection
	GlobalSection(ExtensibilityGlobals) = postSolution
		SolutionGuid = {12A4C2EB-DFC2-4CF8-8CE9-B018E9C96A27}
	EndGlobalSection
EndGlobal
